
Microsoft Visual Studio Solution File, Format Version 12.00
# Visual Studio Version 17
VisualStudioVersion = 17.8.34601.278
MinimumVisualStudioVersion = 10.0.40219.1
Project("{FAE04EC0-301F-11D3-BF4B-00C04F79EFBC}") = "ConnectFour", "ConnectFour\ConnectFour.csproj", "{D20229C0-9C05-4C1E-9422-8F8D8C86D250}"
EndProject
Global
	GlobalSection(SolutionConfigurationPlatforms) = preSolution
		Debug|Any CPU = Debug|Any CPU
		Release|Any CPU = Release|Any CPU
	EndGlobalSection
	GlobalSection(ProjectConfigurationPlatforms) = postSolution
		{D20229C0-9C05-4C1E-9422-8F8D8C86D250}.Debug|Any CPU.ActiveCfg = Debug|Any CPU
		{D20229C0-9C05-4C1E-9422-8F8D8C86D250}.Debug|Any CPU.Build.0 = Debug|Any CPU
		{D20229C0-9C05-4C1E-9422-8F8D8C86D250}.Release|Any CPU.ActiveCfg = Release|Any CPU
		{D20229C0-9C05-4C1E-9422-8F8D8C86D250}.Release|Any CPU.Build.0 = Release|Any CPU
	EndGlobalSection
	GlobalSection(SolutionProperties) = preSolution
		HideSolutionNode = FALSE
	EndGlobalSection
	GlobalSection(ExtensibilityGlobals) = postSolution
		SolutionGuid = {A7E26106-68BF-4186-B375-776374D1BE01}
	EndGlobalSection
EndGlobal
